// !$*UTF8*$!
{
	archiveVersion = 1;
	classes = {
	};
	objectVersion = 46;
	objects = {

/* Begin PBXBuildFile section */
		3F5CDE051E48E5B8009362C3 /* AppDelegate.swift in Sources */ = {isa = PBXBuildFile; fileRef = 3F5CDE041E48E5B8009362C3 /* AppDelegate.swift */; };
		3F5CDE071E48E5B8009362C3 /* MasterViewController.swift in Sources */ = {isa = PBXBuildFile; fileRef = 3F5CDE061E48E5B8009362C3 /* MasterViewController.swift */; };
		3F5CDE091E48E5B8009362C3 /* DetailViewController.swift in Sources */ = {isa = PBXBuildFile; fileRef = 3F5CDE081E48E5B8009362C3 /* DetailViewController.swift */; };
		3F5CDE0C1E48E5B8009362C3 /* Main.storyboard in Resources */ = {isa = PBXBuildFile; fileRef = 3F5CDE0A1E48E5B8009362C3 /* Main.storyboard */; };
		3F5CDE0E1E48E5B8009362C3 /* Assets.xcassets in Resources */ = {isa = PBXBuildFile; fileRef = 3F5CDE0D1E48E5B8009362C3 /* Assets.xcassets */; };
		3F5CDE111E48E5B8009362C3 /* LaunchScreen.storyboard in Resources */ = {isa = PBXBuildFile; fileRef = 3F5CDE0F1E48E5B8009362C3 /* LaunchScreen.storyboard */; };
		3F5CDE1C1E48E5B9009362C3 /* CollegeProfileBuilderTests.swift in Sources */ = {isa = PBXBuildFile; fileRef = 3F5CDE1B1E48E5B9009362C3 /* CollegeProfileBuilderTests.swift */; };
		3F5CDE271E48E5B9009362C3 /* CollegeProfileBuilderUITests.swift in Sources */ = {isa = PBXBuildFile; fileRef = 3F5CDE261E48E5B9009362C3 /* CollegeProfileBuilderUITests.swift */; };
		3F5CDE351E48E5E9009362C3 /* College.swift in Sources */ = {isa = PBXBuildFile; fileRef = 3F5CDE341E48E5E9009362C3 /* College.swift */; };
		3F66BEC71E4B8C3B0027A10F /* Realm.framework in Frameworks */ = {isa = PBXBuildFile; fileRef = 3F66BEC51E4B8C3B0027A10F /* Realm.framework */; };
		3F66BEC81E4B8C3B0027A10F /* Realm.framework in Embed Frameworks */ = {isa = PBXBuildFile; fileRef = 3F66BEC51E4B8C3B0027A10F /* Realm.framework */; settings = {ATTRIBUTES = (CodeSignOnCopy, RemoveHeadersOnCopy, ); }; };
		3F66BEC91E4B8C3B0027A10F /* RealmSwift.framework in Frameworks */ = {isa = PBXBuildFile; fileRef = 3F66BEC61E4B8C3B0027A10F /* RealmSwift.framework */; };
		3F66BECA1E4B8C3B0027A10F /* RealmSwift.framework in Embed Frameworks */ = {isa = PBXBuildFile; fileRef = 3F66BEC61E4B8C3B0027A10F /* RealmSwift.framework */; settings = {ATTRIBUTES = (CodeSignOnCopy, RemoveHeadersOnCopy, ); }; };
/* End PBXBuildFile section */

/* Begin PBXContainerItemProxy section */
		3F5CDE181E48E5B9009362C3 /* PBXContainerItemProxy */ = {
			isa = PBXContainerItemProxy;
			containerPortal = 3F5CDDF91E48E5B8009362C3 /* Project object */;
			proxyType = 1;
			remoteGlobalIDString = 3F5CDE001E48E5B8009362C3;
			remoteInfo = CollegeProfileBuilder;
		};
		3F5CDE231E48E5B9009362C3 /* PBXContainerItemProxy */ = {
			isa = PBXContainerItemProxy;
			containerPortal = 3F5CDDF91E48E5B8009362C3 /* Project object */;
			proxyType = 1;
			remoteGlobalIDString = 3F5CDE001E48E5B8009362C3;
			remoteInfo = CollegeProfileBuilder;
		};
/* End PBXContainerItemProxy section */

/* Begin PBXCopyFilesBuildPhase section */
		3F66BECB1E4B8C3B0027A10F /* Embed Frameworks */ = {
			isa = PBXCopyFilesBuildPhase;
			buildActionMask = 2147483647;
			dstPath = "";
			dstSubfolderSpec = 10;
			files = (
				3F66BECA1E4B8C3B0027A10F /* RealmSwift.framework in Embed Frameworks */,
				3F66BEC81E4B8C3B0027A10F /* Realm.framework in Embed Frameworks */,
			);
			name = "Embed Frameworks";
			runOnlyForDeploymentPostprocessing = 0;
		};
/* End PBXCopyFilesBuildPhase section */

/* Begin PBXFileReference section */
		3F5CDE011E48E5B8009362C3 /* CollegeProfileBuilder.app */ = {isa = PBXFileReference; explicitFileType = wrapper.application; includeInIndex = 0; path = CollegeProfileBuilder.app; sourceTree = BUILT_PRODUCTS_DIR; };
		3F5CDE041E48E5B8009362C3 /* AppDelegate.swift */ = {isa = PBXFileReference; lastKnownFileType = sourcecode.swift; path = AppDelegate.swift; sourceTree = "<group>"; };
		3F5CDE061E48E5B8009362C3 /* MasterViewController.swift */ = {isa = PBXFileReference; lastKnownFileType = sourcecode.swift; path = MasterViewController.swift; sourceTree = "<group>"; };
		3F5CDE081E48E5B8009362C3 /* DetailViewController.swift */ = {isa = PBXFileReference; lastKnownFileType = sourcecode.swift; path = DetailViewController.swift; sourceTree = "<group>"; };
		3F5CDE0B1E48E5B8009362C3 /* Base */ = {isa = PBXFileReference; lastKnownFileType = file.storyboard; name = Base; path = Base.lproj/Main.storyboard; sourceTree = "<group>"; };
		3F5CDE0D1E48E5B8009362C3 /* Assets.xcassets */ = {isa = PBXFileReference; lastKnownFileType = folder.assetcatalog; path = Assets.xcassets; sourceTree = "<group>"; };
		3F5CDE101E48E5B8009362C3 /* Base */ = {isa = PBXFileReference; lastKnownFileType = file.storyboard; name = Base; path = Base.lproj/LaunchScreen.storyboard; sourceTree = "<group>"; };
		3F5CDE121E48E5B8009362C3 /* Info.plist */ = {isa = PBXFileReference; lastKnownFileType = text.plist.xml; path = Info.plist; sourceTree = "<group>"; };
		3F5CDE171E48E5B9009362C3 /* CollegeProfileBuilderTests.xctest */ = {isa = PBXFileReference; explicitFileType = wrapper.cfbundle; includeInIndex = 0; path = CollegeProfileBuilderTests.xctest; sourceTree = BUILT_PRODUCTS_DIR; };
		3F5CDE1B1E48E5B9009362C3 /* CollegeProfileBuilderTests.swift */ = {isa = PBXFileReference; lastKnownFileType = sourcecode.swift; path = CollegeProfileBuilderTests.swift; sourceTree = "<group>"; };
		3F5CDE1D1E48E5B9009362C3 /* Info.plist */ = {isa = PBXFileReference; lastKnownFileType = text.plist.xml; path = Info.plist; sourceTree = "<group>"; };
		3F5CDE221E48E5B9009362C3 /* CollegeProfileBuilderUITests.xctest */ = {isa = PBXFileReference; explicitFileType = wrapper.cfbundle; includeInIndex = 0; path = CollegeProfileBuilderUITests.xctest; sourceTree = BUILT_PRODUCTS_DIR; };
		3F5CDE261E48E5B9009362C3 /* CollegeProfileBuilderUITests.swift */ = {isa = PBXFileReference; lastKnownFileType = sourcecode.swift; path = CollegeProfileBuilderUITests.swift; sourceTree = "<group>"; };
		3F5CDE281E48E5B9009362C3 /* Info.plist */ = {isa = PBXFileReference; lastKnownFileType = text.plist.xml; path = Info.plist; sourceTree = "<group>"; };
		3F5CDE341E48E5E9009362C3 /* College.swift */ = {isa = PBXFileReference; fileEncoding = 4; lastKnownFileType = sourcecode.swift; path = College.swift; sourceTree = "<group>"; };
		3F66BEC51E4B8C3B0027A10F /* Realm.framework */ = {isa = PBXFileReference; lastKnownFileType = wrapper.framework; path = Realm.framework; sourceTree = "<group>"; };
		3F66BEC61E4B8C3B0027A10F /* RealmSwift.framework */ = {isa = PBXFileReference; lastKnownFileType = wrapper.framework; path = RealmSwift.framework; sourceTree = "<group>"; };
/* End PBXFileReference section */

/* Begin PBXFrameworksBuildPhase section */
		3F5CDDFE1E48E5B8009362C3 /* Frameworks */ = {
			isa = PBXFrameworksBuildPhase;
			buildActionMask = 2147483647;
			files = (
				3F66BEC91E4B8C3B0027A10F /* RealmSwift.framework in Frameworks */,
				3F66BEC71E4B8C3B0027A10F /* Realm.framework in Frameworks */,
			);
			runOnlyForDeploymentPostprocessing = 0;
		};
		3F5CDE141E48E5B9009362C3 /* Frameworks */ = {
			isa = PBXFrameworksBuildPhase;
			buildActionMask = 2147483647;
			files = (
			);
			runOnlyForDeploymentPostprocessing = 0;
		};
		3F5CDE1F1E48E5B9009362C3 /* Frameworks */ = {
			isa = PBXFrameworksBuildPhase;
			buildActionMask = 2147483647;
			files = (
			);
			runOnlyForDeploymentPostprocessing = 0;
		};
/* End PBXFrameworksBuildPhase section */

/* Begin PBXGroup section */
		3F5CDDF81E48E5B8009362C3 = {
			isa = PBXGroup;
			children = (
				3F66BEC51E4B8C3B0027A10F /* Realm.framework */,
				3F66BEC61E4B8C3B0027A10F /* RealmSwift.framework */,
				3F5CDE031E48E5B8009362C3 /* CollegeProfileBuilder */,
				3F5CDE1A1E48E5B9009362C3 /* CollegeProfileBuilderTests */,
				3F5CDE251E48E5B9009362C3 /* CollegeProfileBuilderUITests */,
				3F5CDE021E48E5B8009362C3 /* Products */,
			);
			sourceTree = "<group>";
		};
		3F5CDE021E48E5B8009362C3 /* Products */ = {
			isa = PBXGroup;
			children = (
				3F5CDE011E48E5B8009362C3 /* CollegeProfileBuilder.app */,
				3F5CDE171E48E5B9009362C3 /* CollegeProfileBuilderTests.xctest */,
				3F5CDE221E48E5B9009362C3 /* CollegeProfileBuilderUITests.xctest */,
			);
			name = Products;
			sourceTree = "<group>";
		};
		3F5CDE031E48E5B8009362C3 /* CollegeProfileBuilder */ = {
			isa = PBXGroup;
			children = (
				3F5CDE041E48E5B8009362C3 /* AppDelegate.swift */,
				3F5CDE061E48E5B8009362C3 /* MasterViewController.swift */,
				3F5CDE341E48E5E9009362C3 /* College.swift */,
				3F5CDE081E48E5B8009362C3 /* DetailViewController.swift */,
				3F5CDE0A1E48E5B8009362C3 /* Main.storyboard */,
				3F5CDE0D1E48E5B8009362C3 /* Assets.xcassets */,
				3F5CDE0F1E48E5B8009362C3 /* LaunchScreen.storyboard */,
				3F5CDE121E48E5B8009362C3 /* Info.plist */,
			);
			path = CollegeProfileBuilder;
			sourceTree = "<group>";
		};
		3F5CDE1A1E48E5B9009362C3 /* CollegeProfileBuilderTests */ = {
			isa = PBXGroup;
			children = (
				3F5CDE1B1E48E5B9009362C3 /* CollegeProfileBuilderTests.swift */,
				3F5CDE1D1E48E5B9009362C3 /* Info.plist */,
			);
			path = CollegeProfileBuilderTests;
			sourceTree = "<group>";
		};
		3F5CDE251E48E5B9009362C3 /* CollegeProfileBuilderUITests */ = {
			isa = PBXGroup;
			children = (
				3F5CDE261E48E5B9009362C3 /* CollegeProfileBuilderUITests.swift */,
				3F5CDE281E48E5B9009362C3 /* Info.plist */,
			);
			path = CollegeProfileBuilderUITests;
			sourceTree = "<group>";
		};
/* End PBXGroup section */

/* Begin PBXNativeTarget section */
		3F5CDE001E48E5B8009362C3 /* CollegeProfileBuilder */ = {
			isa = PBXNativeTarget;
			buildConfigurationList = 3F5CDE2B1E48E5B9009362C3 /* Build configuration list for PBXNativeTarget "CollegeProfileBuilder" */;
			buildPhases = (
				3F5CDDFD1E48E5B8009362C3 /* Sources */,
				3F5CDDFE1E48E5B8009362C3 /* Frameworks */,
				3F5CDDFF1E48E5B8009362C3 /* Resources */,
				3F66BECB1E4B8C3B0027A10F /* Embed Frameworks */,
			);
			buildRules = (
			);
			dependencies = (
			);
			name = CollegeProfileBuilder;
			productName = CollegeProfileBuilder;
			productReference = 3F5CDE011E48E5B8009362C3 /* CollegeProfileBuilder.app */;
			productType = "com.apple.product-type.application";
		};
		3F5CDE161E48E5B9009362C3 /* CollegeProfileBuilderTests */ = {
			isa = PBXNativeTarget;
			buildConfigurationList = 3F5CDE2E1E48E5B9009362C3 /* Build configuration list for PBXNativeTarget "CollegeProfileBuilderTests" */;
			buildPhases = (
				3F5CDE131E48E5B9009362C3 /* Sources */,
				3F5CDE141E48E5B9009362C3 /* Frameworks */,
				3F5CDE151E48E5B9009362C3 /* Resources */,
			);
			buildRules = (
			);
			dependencies = (
				3F5CDE191E48E5B9009362C3 /* PBXTargetDependency */,
			);
			name = CollegeProfileBuilderTests;
			productName = CollegeProfileBuilderTests;
			productReference = 3F5CDE171E48E5B9009362C3 /* CollegeProfileBuilderTests.xctest */;
			productType = "com.apple.product-type.bundle.unit-test";
		};
		3F5CDE211E48E5B9009362C3 /* CollegeProfileBuilderUITests */ = {
			isa = PBXNativeTarget;
			buildConfigurationList = 3F5CDE311E48E5B9009362C3 /* Build configuration list for PBXNativeTarget "CollegeProfileBuilderUITests" */;
			buildPhases = (
				3F5CDE1E1E48E5B9009362C3 /* Sources */,
				3F5CDE1F1E48E5B9009362C3 /* Frameworks */,
				3F5CDE201E48E5B9009362C3 /* Resources */,
			);
			buildRules = (
			);
			dependencies = (
				3F5CDE241E48E5B9009362C3 /* PBXTargetDependency */,
			);
			name = CollegeProfileBuilderUITests;
			productName = CollegeProfileBuilderUITests;
			productReference = 3F5CDE221E48E5B9009362C3 /* CollegeProfileBuilderUITests.xctest */;
			productType = "com.apple.product-type.bundle.ui-testing";
		};
/* End PBXNativeTarget section */

/* Begin PBXProject section */
		3F5CDDF91E48E5B8009362C3 /* Project object */ = {
			isa = PBXProject;
			attributes = {
				LastSwiftUpdateCheck = 0820;
				LastUpgradeCheck = 0820;
				ORGANIZATIONNAME = "Big J's Kobe size development team.";
				TargetAttributes = {
					3F5CDE001E48E5B8009362C3 = {
						CreatedOnToolsVersion = 8.2.1;
						DevelopmentTeam = 5RDP545338;
						ProvisioningStyle = Automatic;
					};
					3F5CDE161E48E5B9009362C3 = {
						CreatedOnToolsVersion = 8.2.1;
						DevelopmentTeam = 5RDP545338;
						ProvisioningStyle = Automatic;
						TestTargetID = 3F5CDE001E48E5B8009362C3;
					};
					3F5CDE211E48E5B9009362C3 = {
						CreatedOnToolsVersion = 8.2.1;
						DevelopmentTeam = 5RDP545338;
						ProvisioningStyle = Automatic;
						TestTargetID = 3F5CDE001E48E5B8009362C3;
					};
				};
			};
			buildConfigurationList = 3F5CDDFC1E48E5B8009362C3 /* Build configuration list for PBXProject "CollegeProfileBuilder" */;
			compatibilityVersion = "Xcode 3.2";
			developmentRegion = English;
			hasScannedForEncodings = 0;
			knownRegions = (
				en,
				Base,
			);
			mainGroup = 3F5CDDF81E48E5B8009362C3;
			productRefGroup = 3F5CDE021E48E5B8009362C3 /* Products */;
			projectDirPath = "";
			projectRoot = "";
			targets = (
				3F5CDE001E48E5B8009362C3 /* CollegeProfileBuilder */,
				3F5CDE161E48E5B9009362C3 /* CollegeProfileBuilderTests */,
				3F5CDE211E48E5B9009362C3 /* CollegeProfileBuilderUITests */,
			);
		};
/* End PBXProject section */

/* Begin PBXResourcesBuildPhase section */
		3F5CDDFF1E48E5B8009362C3 /* Resources */ = {
			isa = PBXResourcesBuildPhase;
			buildActionMask = 2147483647;
			files = (
				3F5CDE111E48E5B8009362C3 /* LaunchScreen.storyboard in Resources */,
				3F5CDE0E1E48E5B8009362C3 /* Assets.xcassets in Resources */,
				3F5CDE0C1E48E5B8009362C3 /* Main.storyboard in Resources */,
			);
			runOnlyForDeploymentPostprocessing = 0;
		};
		3F5CDE151E48E5B9009362C3 /* Resources */ = {
			isa = PBXResourcesBuildPhase;
			buildActionMask = 2147483647;
			files = (
			);
			runOnlyForDeploymentPostprocessing = 0;
		};
		3F5CDE201E48E5B9009362C3 /* Resources */ = {
			isa = PBXResourcesBuildPhase;
			buildActionMask = 2147483647;
			files = (
			);
			runOnlyForDeploymentPostprocessing = 0;
		};
/* End PBXResourcesBuildPhase section */

/* Begin PBXSourcesBuildPhase section */
		3F5CDDFD1E48E5B8009362C3 /* Sources */ = {
			isa = PBXSourcesBuildPhase;
			buildActionMask = 2147483647;
			files = (
				3F5CDE091E48E5B8009362C3 /* DetailViewController.swift in Sources */,
				3F5CDE071E48E5B8009362C3 /* MasterViewController.swift in Sources */,
				3F5CDE051E48E5B8009362C3 /* AppDelegate.swift in Sources */,
				3F5CDE351E48E5E9009362C3 /* College.swift in Sources */,
			);
			runOnlyForDeploymentPostprocessing = 0;
		};
		3F5CDE131E48E5B9009362C3 /* Sources */ = {
			isa = PBXSourcesBuildPhase;
			buildActionMask = 2147483647;
			files = (
				3F5CDE1C1E48E5B9009362C3 /* CollegeProfileBuilderTests.swift in Sources */,
			);
			runOnlyForDeploymentPostprocessing = 0;
		};
		3F5CDE1E1E48E5B9009362C3 /* Sources */ = {
			isa = PBXSourcesBuildPhase;
			buildActionMask = 2147483647;
			files = (
				3F5CDE271E48E5B9009362C3 /* CollegeProfileBuilderUITests.swift in Sources */,
			);
			runOnlyForDeploymentPostprocessing = 0;
		};
/* End PBXSourcesBuildPhase section */

/* Begin PBXTargetDependency section */
		3F5CDE191E48E5B9009362C3 /* PBXTargetDependency */ = {
			isa = PBXTargetDependency;
			target = 3F5CDE001E48E5B8009362C3 /* CollegeProfileBuilder */;
			targetProxy = 3F5CDE181E48E5B9009362C3 /* PBXContainerItemProxy */;
		};
		3F5CDE241E48E5B9009362C3 /* PBXTargetDependency */ = {
			isa = PBXTargetDependency;
			target = 3F5CDE001E48E5B8009362C3 /* CollegeProfileBuilder */;
			targetProxy = 3F5CDE231E48E5B9009362C3 /* PBXContainerItemProxy */;
		};
/* End PBXTargetDependency section */

/* Begin PBXVariantGroup section */
		3F5CDE0A1E48E5B8009362C3 /* Main.storyboard */ = {
			isa = PBXVariantGroup;
			children = (
				3F5CDE0B1E48E5B8009362C3 /* Base */,
			);
			name = Main.storyboard;
			sourceTree = "<group>";
		};
		3F5CDE0F1E48E5B8009362C3 /* LaunchScreen.storyboard */ = {
			isa = PBXVariantGroup;
			children = (
				3F5CDE101E48E5B8009362C3 /* Base */,
			);
			name = LaunchScreen.storyboard;
			sourceTree = "<group>";
		};
/* End PBXVariantGroup section */

/* Begin XCBuildConfiguration section */
		3F5CDE291E48E5B9009362C3 /* Debug */ = {
			isa = XCBuildConfiguration;
			buildSettings = {
				ALWAYS_SEARCH_USER_PATHS = NO;
				CLANG_ANALYZER_NONNULL = YES;
				CLANG_CXX_LANGUAGE_STANDARD = "gnu++0x";
				CLANG_CXX_LIBRARY = "libc++";
				CLANG_ENABLE_MODULES = YES;
				CLANG_ENABLE_OBJC_ARC = YES;
				CLANG_WARN_BOOL_CONVERSION = YES;
				CLANG_WARN_CONSTANT_CONVERSION = YES;
				CLANG_WARN_DIRECT_OBJC_ISA_USAGE = YES_ERROR;
				CLANG_WARN_DOCUMENTATION_COMMENTS = YES;
				CLANG_WARN_EMPTY_BODY = YES;
				CLANG_WARN_ENUM_CONVERSION = YES;
				CLANG_WARN_INFINITE_RECURSION = YES;
				CLANG_WARN_INT_CONVERSION = YES;
				CLANG_WARN_OBJC_ROOT_CLASS = YES_ERROR;
				CLANG_WARN_SUSPICIOUS_MOVE = YES;
				CLANG_WARN_UNREACHABLE_CODE = YES;
				CLANG_WARN__DUPLICATE_METHOD_MATCH = YES;
				"CODE_SIGN_IDENTITY[sdk=iphoneos*]" = "iPhone Developer";
				COPY_PHASE_STRIP = NO;
				DEBUG_INFORMATION_FORMAT = dwarf;
				ENABLE_STRICT_OBJC_MSGSEND = YES;
				ENABLE_TESTABILITY = YES;
				GCC_C_LANGUAGE_STANDARD = gnu99;
				GCC_DYNAMIC_NO_PIC = NO;
				GCC_NO_COMMON_BLOCKS = YES;
				GCC_OPTIMIZATION_LEVEL = 0;
				GCC_PREPROCESSOR_DEFINITIONS = (
					"DEBUG=1",
					"$(inherited)",
				);
				GCC_WARN_64_TO_32_BIT_CONVERSION = YES;
				GCC_WARN_ABOUT_RETURN_TYPE = YES_ERROR;
				GCC_WARN_UNDECLARED_SELECTOR = YES;
				GCC_WARN_UNINITIALIZED_AUTOS = YES_AGGRESSIVE;
				GCC_WARN_UNUSED_FUNCTION = YES;
				GCC_WARN_UNUSED_VARIABLE = YES;
				IPHONEOS_DEPLOYMENT_TARGET = 10.2;
				MTL_ENABLE_DEBUG_INFO = YES;
				ONLY_ACTIVE_ARCH = YES;
				SDKROOT = iphoneos;
				SWIFT_ACTIVE_COMPILATION_CONDITIONS = DEBUG;
				SWIFT_OPTIMIZATION_LEVEL = "-Onone";
				TARGETED_DEVICE_FAMILY = "1,2";
			};
			name = Debug;
		};
		3F5CDE2A1E48E5B9009362C3 /* Release */ = {
			isa = XCBuildConfiguration;
			buildSettings = {
				ALWAYS_SEARCH_USER_PATHS = NO;
				CLANG_ANALYZER_NONNULL = YES;
				CLANG_CXX_LANGUAGE_STANDARD = "gnu++0x";
				CLANG_CXX_LIBRARY = "libc++";
				CLANG_ENABLE_MODULES = YES;
				CLANG_ENABLE_OBJC_ARC = YES;
				CLANG_WARN_BOOL_CONVERSION = YES;
				CLANG_WARN_CONSTANT_CONVERSION = YES;
				CLANG_WARN_DIRECT_OBJC_ISA_USAGE = YES_ERROR;
				CLANG_WARN_DOCUMENTATION_COMMENTS = YES;
				CLANG_WARN_EMPTY_BODY = YES;
				CLANG_WARN_ENUM_CONVERSION = YES;
				CLANG_WARN_INFINITE_RECURSION = YES;
				CLANG_WARN_INT_CONVERSION = YES;
				CLANG_WARN_OBJC_ROOT_CLASS = YES_ERROR;
				CLANG_WARN_SUSPICIOUS_MOVE = YES;
				CLANG_WARN_UNREACHABLE_CODE = YES;
				CLANG_WARN__DUPLICATE_METHOD_MATCH = YES;
				"CODE_SIGN_IDENTITY[sdk=iphoneos*]" = "iPhone Developer";
				COPY_PHASE_STRIP = NO;
				DEBUG_INFORMATION_FORMAT = "dwarf-with-dsym";
				ENABLE_NS_ASSERTIONS = NO;
				ENABLE_STRICT_OBJC_MSGSEND = YES;
				GCC_C_LANGUAGE_STANDARD = gnu99;
				GCC_NO_COMMON_BLOCKS = YES;
				GCC_WARN_64_TO_32_BIT_CONVERSION = YES;
				GCC_WARN_ABOUT_RETURN_TYPE = YES_ERROR;
				GCC_WARN_UNDECLARED_SELECTOR = YES;
				GCC_WARN_UNINITIALIZED_AUTOS = YES_AGGRESSIVE;
				GCC_WARN_UNUSED_FUNCTION = YES;
				GCC_WARN_UNUSED_VARIABLE = YES;
				IPHONEOS_DEPLOYMENT_TARGET = 10.2;
				MTL_ENABLE_DEBUG_INFO = NO;
				SDKROOT = iphoneos;
				SWIFT_OPTIMIZATION_LEVEL = "-Owholemodule";
				TARGETED_DEVICE_FAMILY = "1,2";
				VALIDATE_PRODUCT = YES;
			};
			name = Release;
		};
		3F5CDE2C1E48E5B9009362C3 /* Debug */ = {
			isa = XCBuildConfiguration;
			buildSettings = {
				ASSETCATALOG_COMPILER_APPICON_NAME = AppIcon;
				DEVELOPMENT_TEAM = 5RDP545338;
				FRAMEWORK_SEARCH_PATHS = (
					"$(inherited)",
					"$(PROJECT_DIR)",
				);
				INFOPLIST_FILE = CollegeProfileBuilder/Info.plist;
				LD_RUNPATH_SEARCH_PATHS = "$(inherited) @executable_path/Frameworks";
				PRODUCT_BUNDLE_IDENTIFIER = BigJ.CollegeProfileBuilder;
				PRODUCT_NAME = "$(TARGET_NAME)";
				SWIFT_VERSION = 3.0;
			};
			name = Debug;
		};
		3F5CDE2D1E48E5B9009362C3 /* Release */ = {
			isa = XCBuildConfiguration;
			buildSettings = {
				ASSETCATALOG_COMPILER_APPICON_NAME = AppIcon;
				DEVELOPMENT_TEAM = 5RDP545338;
				FRAMEWORK_SEARCH_PATHS = (
					"$(inherited)",
					"$(PROJECT_DIR)",
				);
				INFOPLIST_FILE = CollegeProfileBuilder/Info.plist;
				LD_RUNPATH_SEARCH_PATHS = "$(inherited) @executable_path/Frameworks";
				PRODUCT_BUNDLE_IDENTIFIER = BigJ.CollegeProfileBuilder;
				PRODUCT_NAME = "$(TARGET_NAME)";
				SWIFT_VERSION = 3.0;
			};
			name = Release;
		};
		3F5CDE2F1E48E5B9009362C3 /* Debug */ = {
			isa = XCBuildConfiguration;
			buildSettings = {
				ALWAYS_EMBED_SWIFT_STANDARD_LIBRARIES = YES;
				BUNDLE_LOADER = "$(TEST_HOST)";
				DEVELOPMENT_TEAM = 5RDP545338;
				INFOPLIST_FILE = CollegeProfileBuilderTests/Info.plist;
				LD_RUNPATH_SEARCH_PATHS = "$(inherited) @executable_path/Frameworks @loader_path/Frameworks";
				PRODUCT_BUNDLE_IDENTIFIER = BigJ.CollegeProfileBuilderTests;
				PRODUCT_NAME = "$(TARGET_NAME)";
				SWIFT_VERSION = 3.0;
				TEST_HOST = "$(BUILT_PRODUCTS_DIR)/CollegeProfileBuilder.app/CollegeProfileBuilder";
			};
			name = Debug;
		};
		3F5CDE301E48E5B9009362C3 /* Release */ = {
			isa = XCBuildConfiguration;
			buildSettings = {
				ALWAYS_EMBED_SWIFT_STANDARD_LIBRARIES = YES;
				BUNDLE_LOADER = "$(TEST_HOST)";
				DEVELOPMENT_TEAM = 5RDP545338;
				INFOPLIST_FILE = CollegeProfileBuilderTests/Info.plist;
				LD_RUNPATH_SEARCH_PATHS = "$(inherited) @executable_path/Frameworks @loader_path/Frameworks";
				PRODUCT_BUNDLE_IDENTIFIER = BigJ.CollegeProfileBuilderTests;
				PRODUCT_NAME = "$(TARGET_NAME)";
				SWIFT_VERSION = 3.0;
				TEST_HOST = "$(BUILT_PRODUCTS_DIR)/CollegeProfileBuilder.app/CollegeProfileBuilder";
			};
			name = Release;
		};
		3F5CDE321E48E5B9009362C3 /* Debug */ = {
			isa = XCBuildConfiguration;
			buildSettings = {
				ALWAYS_EMBED_SWIFT_STANDARD_LIBRARIES = YES;
				DEVELOPMENT_TEAM = 5RDP545338;
				INFOPLIST_FILE = CollegeProfileBuilderUITests/Info.plist;
				LD_RUNPATH_SEARCH_PATHS = "$(inherited) @executable_path/Frameworks @loader_path/Frameworks";
				PRODUCT_BUNDLE_IDENTIFIER = BigJ.CollegeProfileBuilderUITests;
				PRODUCT_NAME = "$(TARGET_NAME)";
				SWIFT_VERSION = 3.0;
				TEST_TARGET_NAME = CollegeProfileBuilder;
			};
			name = Debug;
		};
		3F5CDE331E48E5B9009362C3 /* Release */ = {
			isa = XCBuildConfiguration;
			buildSettings = {
				ALWAYS_EMBED_SWIFT_STANDARD_LIBRARIES = YES;
				DEVELOPMENT_TEAM = 5RDP545338;
				INFOPLIST_FILE = CollegeProfileBuilderUITests/Info.plist;
				LD_RUNPATH_SEARCH_PATHS = "$(inherited) @executable_path/Frameworks @loader_path/Frameworks";
				PRODUCT_BUNDLE_IDENTIFIER = BigJ.CollegeProfileBuilderUITests;
				PRODUCT_NAME = "$(TARGET_NAME)";
				SWIFT_VERSION = 3.0;
				TEST_TARGET_NAME = CollegeProfileBuilder;
			};
			name = Release;
		};
/* End XCBuildConfiguration section */

/* Begin XCConfigurationList section */
		3F5CDDFC1E48E5B8009362C3 /* Build configuration list for PBXProject "CollegeProfileBuilder" */ = {
			isa = XCConfigurationList;
			buildConfigurations = (
				3F5CDE291E48E5B9009362C3 /* Debug */,
				3F5CDE2A1E48E5B9009362C3 /* Release */,
			);
			defaultConfigurationIsVisible = 0;
			defaultConfigurationName = Release;
		};
		3F5CDE2B1E48E5B9009362C3 /* Build configuration list for PBXNativeTarget "CollegeProfileBuilder" */ = {
			isa = XCConfigurationList;
			buildConfigurations = (
				3F5CDE2C1E48E5B9009362C3 /* Debug */,
				3F5CDE2D1E48E5B9009362C3 /* Release */,
			);
			defaultConfigurationIsVisible = 0;
			defaultConfigurationName = Release;
		};
		3F5CDE2E1E48E5B9009362C3 /* Build configuration list for PBXNativeTarget "CollegeProfileBuilderTests" */ = {
			isa = XCConfigurationList;
			buildConfigurations = (
				3F5CDE2F1E48E5B9009362C3 /* Debug */,
				3F5CDE301E48E5B9009362C3 /* Release */,
			);
			defaultConfigurationIsVisible = 0;
			defaultConfigurationName = Release;
		};
		3F5CDE311E48E5B9009362C3 /* Build configuration list for PBXNativeTarget "CollegeProfileBuilderUITests" */ = {
			isa = XCConfigurationList;
			buildConfigurations = (
				3F5CDE321E48E5B9009362C3 /* Debug */,
				3F5CDE331E48E5B9009362C3 /* Release */,
			);
			defaultConfigurationIsVisible = 0;
			defaultConfigurationName = Release;
		};
/* End XCConfigurationList section */
	};
	rootObject = 3F5CDDF91E48E5B8009362C3 /* Project object */;
}
